// !$*UTF8*$!
{
	archiveVersion = 1;
	classes = {
	};
	objectVersion = 56;
	objects = {

/* Begin PBXBuildFile section */
		C10E0F2C2C806DF200E73B36 /* MorseCodeInputMethodController.swift in Sources */ = {isa = PBXBuildFile; fileRef = C10E0F2B2C806DF200E73B36 /* MorseCodeInputMethodController.swift */; };
		C10E0F302C806DF300E73B36 /* Assets.xcassets in Resources */ = {isa = PBXBuildFile; fileRef = C10E0F2F2C806DF300E73B36 /* Assets.xcassets */; };
		C10E0F332C806DF300E73B36 /* Preview Assets.xcassets in Resources */ = {isa = PBXBuildFile; fileRef = C10E0F322C806DF300E73B36 /* Preview Assets.xcassets */; };
		C10E0F3B2C806E3100E73B36 /* Info.plist in Resources */ = {isa = PBXBuildFile; fileRef = C10E0F3A2C806E3100E73B36 /* Info.plist */; };
		C10E0F3D2C806E4A00E73B36 /* AppDelegate.swift in Sources */ = {isa = PBXBuildFile; fileRef = C10E0F3C2C806E4A00E73B36 /* AppDelegate.swift */; };
		C10E0F3F2C806E5000E73B36 /* main.tiff in Resources */ = {isa = PBXBuildFile; fileRef = C10E0F3E2C806E5000E73B36 /* main.tiff */; };
		C1803B2F2C85DA1A00820D71 /* MorseCodeDictionary.swift in Sources */ = {isa = PBXBuildFile; fileRef = C1803B2E2C85DA1A00820D71 /* MorseCodeDictionary.swift */; };
/* End PBXBuildFile section */

/* Begin PBXFileReference section */
		C10E0F282C806DF200E73B36 /* MorseCodeInputMethod.app */ = {isa = PBXFileReference; explicitFileType = wrapper.application; includeInIndex = 0; path = MorseCodeInputMethod.app; sourceTree = BUILT_PRODUCTS_DIR; };
		C10E0F2B2C806DF200E73B36 /* MorseCodeInputMethodController.swift */ = {isa = PBXFileReference; lastKnownFileType = sourcecode.swift; path = MorseCodeInputMethodController.swift; sourceTree = "<group>"; };
		C10E0F2F2C806DF300E73B36 /* Assets.xcassets */ = {isa = PBXFileReference; lastKnownFileType = folder.assetcatalog; path = Assets.xcassets; sourceTree = "<group>"; };
		C10E0F322C806DF300E73B36 /* Preview Assets.xcassets */ = {isa = PBXFileReference; lastKnownFileType = folder.assetcatalog; path = "Preview Assets.xcassets"; sourceTree = "<group>"; };
		C10E0F342C806DF300E73B36 /* MorseCodeInputMethod.entitlements */ = {isa = PBXFileReference; lastKnownFileType = text.plist.entitlements; path = MorseCodeInputMethod.entitlements; sourceTree = "<group>"; };
		C10E0F3A2C806E3100E73B36 /* Info.plist */ = {isa = PBXFileReference; fileEncoding = 4; lastKnownFileType = text.plist.xml; path = Info.plist; sourceTree = "<group>"; };
		C10E0F3C2C806E4A00E73B36 /* AppDelegate.swift */ = {isa = PBXFileReference; fileEncoding = 4; lastKnownFileType = sourcecode.swift; path = AppDelegate.swift; sourceTree = "<group>"; };
		C10E0F3E2C806E5000E73B36 /* main.tiff */ = {isa = PBXFileReference; lastKnownFileType = image.tiff; path = main.tiff; sourceTree = "<group>"; };
		C1803B2E2C85DA1A00820D71 /* MorseCodeDictionary.swift */ = {isa = PBXFileReference; lastKnownFileType = sourcecode.swift; path = MorseCodeDictionary.swift; sourceTree = "<group>"; };
/* End PBXFileReference section */

/* Begin PBXFrameworksBuildPhase section */
		C10E0F252C806DF200E73B36 /* Frameworks */ = {
			isa = PBXFrameworksBuildPhase;
			buildActionMask = 2147483647;
			files = (
			);
			runOnlyForDeploymentPostprocessing = 0;
		};
/* End PBXFrameworksBuildPhase section */

/* Begin PBXGroup section */
		C10E0F1F2C806DF200E73B36 = {
			isa = PBXGroup;
			children = (
				C10E0F2A2C806DF200E73B36 /* MorseCodeInputMethod */,
				C10E0F292C806DF200E73B36 /* Products */,
			);
			sourceTree = "<group>";
		};
		C10E0F292C806DF200E73B36 /* Products */ = {
			isa = PBXGroup;
			children = (
				C10E0F282C806DF200E73B36 /* MorseCodeInputMethod.app */,
			);
			name = Products;
			sourceTree = "<group>";
		};
		C10E0F2A2C806DF200E73B36 /* MorseCodeInputMethod */ = {
			isa = PBXGroup;
			children = (
				C10E0F3A2C806E3100E73B36 /* Info.plist */,
				C10E0F342C806DF300E73B36 /* MorseCodeInputMethod.entitlements */,
				C10E0F2B2C806DF200E73B36 /* MorseCodeInputMethodController.swift */,
				C1803B2E2C85DA1A00820D71 /* MorseCodeDictionary.swift */,
				C10E0F3C2C806E4A00E73B36 /* AppDelegate.swift */,
				C10E0F2F2C806DF300E73B36 /* Assets.xcassets */,
				C10E0F3E2C806E5000E73B36 /* main.tiff */,
				C10E0F312C806DF300E73B36 /* Preview Content */,
			);
			path = MorseCodeInputMethod;
			sourceTree = "<group>";
		};
		C10E0F312C806DF300E73B36 /* Preview Content */ = {
			isa = PBXGroup;
			children = (
				C10E0F322C806DF300E73B36 /* Preview Assets.xcassets */,
			);
			path = "Preview Content";
			sourceTree = "<group>";
		};
/* End PBXGroup section */

/* Begin PBXNativeTarget section */
		C10E0F272C806DF200E73B36 /* MorseCodeInputMethod */ = {
			isa = PBXNativeTarget;
			buildConfigurationList = C10E0F372C806DF300E73B36 /* Build configuration list for PBXNativeTarget "MorseCodeInputMethod" */;
			buildPhases = (
				C10E0F242C806DF200E73B36 /* Sources */,
				C10E0F252C806DF200E73B36 /* Frameworks */,
				C10E0F262C806DF200E73B36 /* Resources */,
			);
			buildRules = (
			);
			dependencies = (
			);
			name = MorseCodeInputMethod;
			productName = MorseCodeInput;
			productReference = C10E0F282C806DF200E73B36 /* MorseCodeInputMethod.app */;
			productType = "com.apple.product-type.application";
		};
/* End PBXNativeTarget section */

/* Begin PBXProject section */
		C10E0F202C806DF200E73B36 /* Project object */ = {
			isa = PBXProject;
			attributes = {
				BuildIndependentTargetsInParallel = 1;
				LastSwiftUpdateCheck = 1520;
				LastUpgradeCheck = 1520;
				TargetAttributes = {
					C10E0F272C806DF200E73B36 = {
						CreatedOnToolsVersion = 15.2;
					};
				};
			};
			buildConfigurationList = C10E0F232C806DF200E73B36 /* Build configuration list for PBXProject "MorseCodeInputMethod" */;
			compatibilityVersion = "Xcode 14.0";
			developmentRegion = en;
			hasScannedForEncodings = 0;
			knownRegions = (
				en,
				Base,
			);
			mainGroup = C10E0F1F2C806DF200E73B36;
			productRefGroup = C10E0F292C806DF200E73B36 /* Products */;
			projectDirPath = "";
			projectRoot = "";
			targets = (
				C10E0F272C806DF200E73B36 /* MorseCodeInputMethod */,
			);
		};
/* End PBXProject section */

/* Begin PBXResourcesBuildPhase section */
		C10E0F262C806DF200E73B36 /* Resources */ = {
			isa = PBXResourcesBuildPhase;
			buildActionMask = 2147483647;
			files = (
				C10E0F332C806DF300E73B36 /* Preview Assets.xcassets in Resources */,
				C10E0F3F2C806E5000E73B36 /* main.tiff in Resources */,
				C10E0F302C806DF300E73B36 /* Assets.xcassets in Resources */,
				C10E0F3B2C806E3100E73B36 /* Info.plist in Resources */,
			);
			runOnlyForDeploymentPostprocessing = 0;
		};
/* End PBXResourcesBuildPhase section */

/* Begin PBXSourcesBuildPhase section */
		C10E0F242C806DF200E73B36 /* Sources */ = {
			isa = PBXSourcesBuildPhase;
			buildActionMask = 2147483647;
			files = (
				C10E0F3D2C806E4A00E73B36 /* AppDelegate.swift in Sources */,
				C10E0F2C2C806DF200E73B36 /* MorseCodeInputMethodController.swift in Sources */,
				C1803B2F2C85DA1A00820D71 /* MorseCodeDictionary.swift in Sources */,
			);
			runOnlyForDeploymentPostprocessing = 0;
		};
/* End PBXSourcesBuildPhase section */

/* Begin XCBuildConfiguration section */
		C10E0F352C806DF300E73B36 /* Debug */ = {
			isa = XCBuildConfiguration;
			buildSettings = {
				ALWAYS_SEARCH_USER_PATHS = NO;
				ASSETCATALOG_COMPILER_GENERATE_SWIFT_ASSET_SYMBOL_EXTENSIONS = YES;
				CLANG_ANALYZER_NONNULL = YES;
				CLANG_ANALYZER_NUMBER_OBJECT_CONVERSION = YES_AGGRESSIVE;
				CLANG_CXX_LANGUAGE_STANDARD = "gnu++20";
				CLANG_ENABLE_MODULES = YES;
				CLANG_ENABLE_OBJC_ARC = YES;
				CLANG_ENABLE_OBJC_WEAK = YES;
				CLANG_WARN_BLOCK_CAPTURE_AUTORELEASING = YES;
				CLANG_WARN_BOOL_CONVERSION = YES;
				CLANG_WARN_COMMA = YES;
				CLANG_WARN_CONSTANT_CONVERSION = YES;
				CLANG_WARN_DEPRECATED_OBJC_IMPLEMENTATIONS = YES;
				CLANG_WARN_DIRECT_OBJC_ISA_USAGE = YES_ERROR;
				CLANG_WARN_DOCUMENTATION_COMMENTS = YES;
				CLANG_WARN_EMPTY_BODY = YES;
				CLANG_WARN_ENUM_CONVERSION = YES;
				CLANG_WARN_INFINITE_RECURSION = YES;
				CLANG_WARN_INT_CONVERSION = YES;
				CLANG_WARN_NON_LITERAL_NULL_CONVERSION = YES;
				CLANG_WARN_OBJC_IMPLICIT_RETAIN_SELF = YES;
				CLANG_WARN_OBJC_LITERAL_CONVERSION = YES;
				CLANG_WARN_OBJC_ROOT_CLASS = YES_ERROR;
				CLANG_WARN_QUOTED_INCLUDE_IN_FRAMEWORK_HEADER = YES;
				CLANG_WARN_RANGE_LOOP_ANALYSIS = YES;
				CLANG_WARN_STRICT_PROTOTYPES = YES;
				CLANG_WARN_SUSPICIOUS_MOVE = YES;
				CLANG_WARN_UNGUARDED_AVAILABILITY = YES_AGGRESSIVE;
				CLANG_WARN_UNREACHABLE_CODE = YES;
				CLANG_WARN__DUPLICATE_METHOD_MATCH = YES;
				COPY_PHASE_STRIP = NO;
				DEBUG_INFORMATION_FORMAT = dwarf;
				ENABLE_STRICT_OBJC_MSGSEND = YES;
				ENABLE_TESTABILITY = YES;
				ENABLE_USER_SCRIPT_SANDBOXING = YES;
				GCC_C_LANGUAGE_STANDARD = gnu17;
				GCC_DYNAMIC_NO_PIC = NO;
				GCC_NO_COMMON_BLOCKS = YES;
				GCC_OPTIMIZATION_LEVEL = 0;
				GCC_PREPROCESSOR_DEFINITIONS = (
					"DEBUG=1",
					"$(inherited)",
				);
				GCC_WARN_64_TO_32_BIT_CONVERSION = YES;
				GCC_WARN_ABOUT_RETURN_TYPE = YES_ERROR;
				GCC_WARN_UNDECLARED_SELECTOR = YES;
				GCC_WARN_UNINITIALIZED_AUTOS = YES_AGGRESSIVE;
				GCC_WARN_UNUSED_FUNCTION = YES;
				GCC_WARN_UNUSED_VARIABLE = YES;
				LOCALIZATION_PREFERS_STRING_CATALOGS = YES;
				MACOSX_DEPLOYMENT_TARGET = 11.0;
				MTL_ENABLE_DEBUG_INFO = INCLUDE_SOURCE;
				MTL_FAST_MATH = YES;
				ONLY_ACTIVE_ARCH = YES;
				SDKROOT = macosx;
				SWIFT_ACTIVE_COMPILATION_CONDITIONS = "DEBUG $(inherited)";
				SWIFT_OPTIMIZATION_LEVEL = "-Onone";
			};
			name = Debug;
		};
		C10E0F362C806DF300E73B36 /* Release */ = {
			isa = XCBuildConfiguration;
			buildSettings = {
				ALWAYS_SEARCH_USER_PATHS = NO;
				ASSETCATALOG_COMPILER_GENERATE_SWIFT_ASSET_SYMBOL_EXTENSIONS = YES;
				CLANG_ANALYZER_NONNULL = YES;
				CLANG_ANALYZER_NUMBER_OBJECT_CONVERSION = YES_AGGRESSIVE;
				CLANG_CXX_LANGUAGE_STANDARD = "gnu++20";
				CLANG_ENABLE_MODULES = YES;
				CLANG_ENABLE_OBJC_ARC = YES;
				CLANG_ENABLE_OBJC_WEAK = YES;
				CLANG_WARN_BLOCK_CAPTURE_AUTORELEASING = YES;
				CLANG_WARN_BOOL_CONVERSION = YES;
				CLANG_WARN_COMMA = YES;
				CLANG_WARN_CONSTANT_CONVERSION = YES;
				CLANG_WARN_DEPRECATED_OBJC_IMPLEMENTATIONS = YES;
				CLANG_WARN_DIRECT_OBJC_ISA_USAGE = YES_ERROR;
				CLANG_WARN_DOCUMENTATION_COMMENTS = YES;
				CLANG_WARN_EMPTY_BODY = YES;
				CLANG_WARN_ENUM_CONVERSION = YES;
				CLANG_WARN_INFINITE_RECURSION = YES;
				CLANG_WARN_INT_CONVERSION = YES;
				CLANG_WARN_NON_LITERAL_NULL_CONVERSION = YES;
				CLANG_WARN_OBJC_IMPLICIT_RETAIN_SELF = YES;
				CLANG_WARN_OBJC_LITERAL_CONVERSION = YES;
				CLANG_WARN_OBJC_ROOT_CLASS = YES_ERROR;
				CLANG_WARN_QUOTED_INCLUDE_IN_FRAMEWORK_HEADER = YES;
				CLANG_WARN_RANGE_LOOP_ANALYSIS = YES;
				CLANG_WARN_STRICT_PROTOTYPES = YES;
				CLANG_WARN_SUSPICIOUS_MOVE = YES;
				CLANG_WARN_UNGUARDED_AVAILABILITY = YES_AGGRESSIVE;
				CLANG_WARN_UNREACHABLE_CODE = YES;
				CLANG_WARN__DUPLICATE_METHOD_MATCH = YES;
				COPY_PHASE_STRIP = NO;
				DEBUG_INFORMATION_FORMAT = "dwarf-with-dsym";
				ENABLE_NS_ASSERTIONS = NO;
				ENABLE_STRICT_OBJC_MSGSEND = YES;
				ENABLE_USER_SCRIPT_SANDBOXING = YES;
				GCC_C_LANGUAGE_STANDARD = gnu17;
				GCC_NO_COMMON_BLOCKS = YES;
				GCC_WARN_64_TO_32_BIT_CONVERSION = YES;
				GCC_WARN_ABOUT_RETURN_TYPE = YES_ERROR;
				GCC_WARN_UNDECLARED_SELECTOR = YES;
				GCC_WARN_UNINITIALIZED_AUTOS = YES_AGGRESSIVE;
				GCC_WARN_UNUSED_FUNCTION = YES;
				GCC_WARN_UNUSED_VARIABLE = YES;
				LOCALIZATION_PREFERS_STRING_CATALOGS = YES;
				MACOSX_DEPLOYMENT_TARGET = 11.0;
				MTL_ENABLE_DEBUG_INFO = NO;
				MTL_FAST_MATH = YES;
				SDKROOT = macosx;
				SWIFT_COMPILATION_MODE = wholemodule;
			};
			name = Release;
		};
		C10E0F382C806DF300E73B36 /* Debug */ = {
			isa = XCBuildConfiguration;
			buildSettings = {
				ASSETCATALOG_COMPILER_APPICON_NAME = AppIcon;
				ASSETCATALOG_COMPILER_GLOBAL_ACCENT_COLOR_NAME = AccentColor;
				CODE_SIGN_ENTITLEMENTS = MorseCodeInputMethod/MorseCodeInputMethod.entitlements;
				"CODE_SIGN_IDENTITY[sdk=macosx*]" = "Apple Development";
				CODE_SIGN_STYLE = Automatic;
				COMBINE_HIDPI_IMAGES = YES;
				CURRENT_PROJECT_VERSION = 1;
				DEVELOPMENT_ASSET_PATHS = "\"MorseCodeInputMethod/Preview Content\"";
				DEVELOPMENT_TEAM = 5VMK72V35A;
				ENABLE_HARDENED_RUNTIME = YES;
				ENABLE_PREVIEWS = YES;
				GENERATE_INFOPLIST_FILE = YES;
				INFOPLIST_FILE = MorseCodeInputMethod/Info.plist;
				INFOPLIST_KEY_NSHumanReadableCopyright = "";
				LD_RUNPATH_SEARCH_PATHS = (
					"$(inherited)",
					"@executable_path/../Frameworks",
				);
				MACOSX_DEPLOYMENT_TARGET = 11.0;
				MARKETING_VERSION = 1.0;
				PRODUCT_BUNDLE_IDENTIFIER = com.rapierevite.inputmethod.MorseCodeInputMethod;
				PRODUCT_NAME = "$(TARGET_NAME)";
				SWIFT_EMIT_LOC_STRINGS = YES;
				SWIFT_VERSION = 5.0;
			};
			name = Debug;
		};
		C10E0F392C806DF300E73B36 /* Release */ = {
			isa = XCBuildConfiguration;
			buildSettings = {
				ASSETCATALOG_COMPILER_APPICON_NAME = AppIcon;
				ASSETCATALOG_COMPILER_GLOBAL_ACCENT_COLOR_NAME = AccentColor;
				CODE_SIGN_ENTITLEMENTS = MorseCodeInputMethod/MorseCodeInputMethod.entitlements;
				"CODE_SIGN_IDENTITY[sdk=macosx*]" = "Apple Development";
				CODE_SIGN_STYLE = Automatic;
				COMBINE_HIDPI_IMAGES = YES;
				CURRENT_PROJECT_VERSION = 1;
				DEVELOPMENT_ASSET_PATHS = "\"MorseCodeInputMethod/Preview Content\"";
				DEVELOPMENT_TEAM = 5VMK72V35A;
				ENABLE_HARDENED_RUNTIME = YES;
				ENABLE_PREVIEWS = YES;
				GENERATE_INFOPLIST_FILE = YES;
				INFOPLIST_FILE = MorseCodeInputMethod/Info.plist;
				INFOPLIST_KEY_NSHumanReadableCopyright = "";
				LD_RUNPATH_SEARCH_PATHS = (
					"$(inherited)",
					"@executable_path/../Frameworks",
				);
				MACOSX_DEPLOYMENT_TARGET = 11.0;
				MARKETING_VERSION = 1.0;
				PRODUCT_BUNDLE_IDENTIFIER = com.rapierevite.inputmethod.MorseCodeInputMethod;
				PRODUCT_NAME = "$(TARGET_NAME)";
				SWIFT_EMIT_LOC_STRINGS = YES;
				SWIFT_VERSION = 5.0;
			};
			name = Release;
		};
/* End XCBuildConfiguration section */

/* Begin XCConfigurationList section */
		C10E0F232C806DF200E73B36 /* Build configuration list for PBXProject "MorseCodeInputMethod" */ = {
			isa = XCConfigurationList;
			buildConfigurations = (
				C10E0F352C806DF300E73B36 /* Debug */,
				C10E0F362C806DF300E73B36 /* Release */,
			);
			defaultConfigurationIsVisible = 0;
			defaultConfigurationName = Release;
		};
		C10E0F372C806DF300E73B36 /* Build configuration list for PBXNativeTarget "MorseCodeInputMethod" */ = {
			isa = XCConfigurationList;
			buildConfigurations = (
				C10E0F382C806DF300E73B36 /* Debug */,
				C10E0F392C806DF300E73B36 /* Release */,
			);
			defaultConfigurationIsVisible = 0;
			defaultConfigurationName = Release;
		};
/* End XCConfigurationList section */
	};
	rootObject = C10E0F202C806DF200E73B36 /* Project object */;
}
